{
  "originHash" : "3bf4b486148c22db70aa37c15d566b737f8676161a3eb4227535eec59d7c422b",
  "pins" : [
    {
      "identity" : "parser-ios",
      "kind" : "remoteSourceControl",
      "location" : "https://github.com/TeamAtomicMedia/Parser-iOS.git",
      "state" : {
        "revision" : "84a50e49def79c5985b3134f5f733603017962c2",
        "version" : "2.1.1"
      }
    }
  ],
  "version" : 3
}
